
Microsoft Visual Studio Solution File, Format Version 12.00
# Visual Studio Version 16
VisualStudioVersion = 25.0.1706.12
MinimumVisualStudioVersion = 10.0.40219.1
Project("{FAE04EC0-301F-11D3-BF4B-00C04F79EFBC}") = "Bff", "Bff\Bff.csproj", "{C89E482F-2FCB-4092-A0A7-FC4D8F8E7267}"
EndProject
Global
	GlobalSection(SolutionConfigurationPlatforms) = preSolution
		Debug|Any CPU = Debug|Any CPU
		Release|Any CPU = Release|Any CPU
	EndGlobalSection
	GlobalSection(ProjectConfigurationPlatforms) = postSolution
		{C89E482F-2FCB-4092-A0A7-FC4D8F8E7267}.Debug|Any CPU.ActiveCfg = Debug|Any CPU
		{C89E482F-2FCB-4092-A0A7-FC4D8F8E7267}.Debug|Any CPU.Build.0 = Debug|Any CPU
		{C89E482F-2FCB-4092-A0A7-FC4D8F8E7267}.Release|Any CPU.ActiveCfg = Release|Any CPU
		{C89E482F-2FCB-4092-A0A7-FC4D8F8E7267}.Release|Any CPU.Build.0 = Release|Any CPU
	EndGlobalSection
	GlobalSection(SolutionProperties) = preSolution
		HideSolutionNode = FALSE
	EndGlobalSection
	GlobalSection(ExtensibilityGlobals) = postSolution
		SolutionGuid = {0CDAB35F-4806-4314-B040-18C91408AC15}
	EndGlobalSection
EndGlobal
